
Microsoft Visual Studio Solution File, Format Version 11.00
# Visual Studio 2010
Project("{8BC9CEB8-8B4A-11D0-8D11-00A0C91BC942}") = "linkedlist", "linkedlist\linkedlist.vcxproj", "{46646E40-2875-45A2-88F0-C044309A51C2}"
EndProject
Global
	GlobalSection(SolutionConfigurationPlatforms) = preSolution
		Debug|Win32 = Debug|Win32
		Release|Win32 = Release|Win32
	EndGlobalSection
	GlobalSection(ProjectConfigurationPlatforms) = postSolution
		{46646E40-2875-45A2-88F0-C044309A51C2}.Debug|Win32.ActiveCfg = Debug|Win32
		{46646E40-2875-45A2-88F0-C044309A51C2}.Debug|Win32.Build.0 = Debug|Win32
		{46646E40-2875-45A2-88F0-C044309A51C2}.Release|Win32.ActiveCfg = Release|Win32
		{46646E40-2875-45A2-88F0-C044309A51C2}.Release|Win32.Build.0 = Release|Win32
	EndGlobalSection
	GlobalSection(SolutionProperties) = preSolution
		HideSolutionNode = FALSE
	EndGlobalSection
EndGlobal
